
Microsoft Visual Studio Solution File, Format Version 12.00
# Visual Studio 15
Project("{FAE04EC0-301F-11D3-BF4B-00C04F79EFBC}") = "Assembly-CSharp", "Assembly-CSharp.csproj", "{B3332ECA-AA84-0F36-032F-92FE40A5CDB0}"
EndProject
Project("{FAE04EC0-301F-11D3-BF4B-00C04F79EFBC}") = "Assembly-CSharp-Editor", "Assembly-CSharp-Editor.csproj", "{FFEC6D5D-2705-1299-4A25-A2D3711BD47F}"
EndProject
Global
	GlobalSection(SolutionConfigurationPlatforms) = preSolution
		Debug|Any CPU = Debug|Any CPU
		Release|Any CPU = Release|Any CPU
	EndGlobalSection
	GlobalSection(ProjectConfigurationPlatforms) = postSolution
		{B3332ECA-AA84-0F36-032F-92FE40A5CDB0}.Debug|Any CPU.ActiveCfg = Debug|Any CPU
		{B3332ECA-AA84-0F36-032F-92FE40A5CDB0}.Debug|Any CPU.Build.0 = Debug|Any CPU
		{B3332ECA-AA84-0F36-032F-92FE40A5CDB0}.Release|Any CPU.ActiveCfg = Release|Any CPU
		{B3332ECA-AA84-0F36-032F-92FE40A5CDB0}.Release|Any CPU.Build.0 = Release|Any CPU
		{FFEC6D5D-2705-1299-4A25-A2D3711BD47F}.Debug|Any CPU.ActiveCfg = Debug|Any CPU
		{FFEC6D5D-2705-1299-4A25-A2D3711BD47F}.Debug|Any CPU.Build.0 = Debug|Any CPU
		{FFEC6D5D-2705-1299-4A25-A2D3711BD47F}.Release|Any CPU.ActiveCfg = Release|Any CPU
		{FFEC6D5D-2705-1299-4A25-A2D3711BD47F}.Release|Any CPU.Build.0 = Release|Any CPU
	EndGlobalSection
	GlobalSection(SolutionProperties) = preSolution
		HideSolutionNode = FALSE
	EndGlobalSection
EndGlobal
